// !$*UTF8*$!
{
	archiveVersion = 1;
	classes = {
	};
	objectVersion = 56;
	objects = {

/* Begin PBXBuildFile section */
		5BE543662BD8DBBA00E3BE35 /* VoicesAIApp.swift in Sources */ = {isa = PBXBuildFile; fileRef = 5BE543652BD8DBBA00E3BE35 /* VoicesAIApp.swift */; };
		5BE543682BD8DBBA00E3BE35 /* ContentView.swift in Sources */ = {isa = PBXBuildFile; fileRef = 5BE543672BD8DBBA00E3BE35 /* ContentView.swift */; };
		5BE5436A2BD8DBC000E3BE35 /* Assets.xcassets in Resources */ = {isa = PBXBuildFile; fileRef = 5BE543692BD8DBC000E3BE35 /* Assets.xcassets */; };
		5BE5436D2BD8DBC000E3BE35 /* Preview Assets.xcassets in Resources */ = {isa = PBXBuildFile; fileRef = 5BE5436C2BD8DBC000E3BE35 /* Preview Assets.xcassets */; };
		5BE543792BD8DC4C00E3BE35 /* Topics.swift in Sources */ = {isa = PBXBuildFile; fileRef = 5BE543782BD8DC4C00E3BE35 /* Topics.swift */; };
		5BE5437B2BD8DCD900E3BE35 /* StoriesView.swift in Sources */ = {isa = PBXBuildFile; fileRef = 5BE5437A2BD8DCD900E3BE35 /* StoriesView.swift */; };
		5BE5437D2BD8DCEC00E3BE35 /* SettingsView.swift in Sources */ = {isa = PBXBuildFile; fileRef = 5BE5437C2BD8DCEC00E3BE35 /* SettingsView.swift */; };
		5BE5437F2BD8F56600E3BE35 /* Constant.swift in Sources */ = {isa = PBXBuildFile; fileRef = 5BE5437E2BD8F56600E3BE35 /* Constant.swift */; };
/* End PBXBuildFile section */

/* Begin PBXFileReference section */
		5BE543622BD8DBBA00E3BE35 /* VoicesAI.app */ = {isa = PBXFileReference; explicitFileType = wrapper.application; includeInIndex = 0; path = VoicesAI.app; sourceTree = BUILT_PRODUCTS_DIR; };
		5BE543652BD8DBBA00E3BE35 /* VoicesAIApp.swift */ = {isa = PBXFileReference; lastKnownFileType = sourcecode.swift; path = VoicesAIApp.swift; sourceTree = "<group>"; };
		5BE543672BD8DBBA00E3BE35 /* ContentView.swift */ = {isa = PBXFileReference; lastKnownFileType = sourcecode.swift; path = ContentView.swift; sourceTree = "<group>"; };
		5BE543692BD8DBC000E3BE35 /* Assets.xcassets */ = {isa = PBXFileReference; lastKnownFileType = folder.assetcatalog; path = Assets.xcassets; sourceTree = "<group>"; };
		5BE5436C2BD8DBC000E3BE35 /* Preview Assets.xcassets */ = {isa = PBXFileReference; lastKnownFileType = folder.assetcatalog; path = "Preview Assets.xcassets"; sourceTree = "<group>"; };
		5BE543782BD8DC4C00E3BE35 /* Topics.swift */ = {isa = PBXFileReference; lastKnownFileType = sourcecode.swift; path = Topics.swift; sourceTree = "<group>"; };
		5BE5437A2BD8DCD900E3BE35 /* StoriesView.swift */ = {isa = PBXFileReference; lastKnownFileType = sourcecode.swift; path = StoriesView.swift; sourceTree = "<group>"; };
		5BE5437C2BD8DCEC00E3BE35 /* SettingsView.swift */ = {isa = PBXFileReference; lastKnownFileType = sourcecode.swift; path = SettingsView.swift; sourceTree = "<group>"; };
		5BE5437E2BD8F56600E3BE35 /* Constant.swift */ = {isa = PBXFileReference; lastKnownFileType = sourcecode.swift; path = Constant.swift; sourceTree = "<group>"; };
/* End PBXFileReference section */

/* Begin PBXFrameworksBuildPhase section */
		5BE5435F2BD8DBBA00E3BE35 /* Frameworks */ = {
			isa = PBXFrameworksBuildPhase;
			buildActionMask = 2147483647;
			files = (
			);
			runOnlyForDeploymentPostprocessing = 0;
		};
/* End PBXFrameworksBuildPhase section */

/* Begin PBXGroup section */
		5BE543592BD8DBBA00E3BE35 = {
			isa = PBXGroup;
			children = (
				5BE543642BD8DBBA00E3BE35 /* VoicesAI */,
				5BE543632BD8DBBA00E3BE35 /* Products */,
			);
			sourceTree = "<group>";
		};
		5BE543632BD8DBBA00E3BE35 /* Products */ = {
			isa = PBXGroup;
			children = (
				5BE543622BD8DBBA00E3BE35 /* VoicesAI.app */,
			);
			name = Products;
			sourceTree = "<group>";
		};
		5BE543642BD8DBBA00E3BE35 /* VoicesAI */ = {
			isa = PBXGroup;
			children = (
				5BE543772BD8DBE900E3BE35 /* App */,
				5BE543762BD8DBDA00E3BE35 /* ViewModel */,
				5BE543752BD8DBD300E3BE35 /* Resources */,
				5BE543742BD8DBCD00E3BE35 /* Model */,
				5BE543732BD8DBC800E3BE35 /* View */,
				5BE5436B2BD8DBC000E3BE35 /* Preview Content */,
			);
			path = VoicesAI;
			sourceTree = "<group>";
		};
		5BE5436B2BD8DBC000E3BE35 /* Preview Content */ = {
			isa = PBXGroup;
			children = (
				5BE5436C2BD8DBC000E3BE35 /* Preview Assets.xcassets */,
			);
			path = "Preview Content";
			sourceTree = "<group>";
		};
		5BE543732BD8DBC800E3BE35 /* View */ = {
			isa = PBXGroup;
			children = (
				5BE543672BD8DBBA00E3BE35 /* ContentView.swift */,
				5BE5437A2BD8DCD900E3BE35 /* StoriesView.swift */,
				5BE5437C2BD8DCEC00E3BE35 /* SettingsView.swift */,
			);
			path = View;
			sourceTree = "<group>";
		};
		5BE543742BD8DBCD00E3BE35 /* Model */ = {
			isa = PBXGroup;
			children = (
				5BE543782BD8DC4C00E3BE35 /* Topics.swift */,
				5BE5437E2BD8F56600E3BE35 /* Constant.swift */,
			);
			path = Model;
			sourceTree = "<group>";
		};
		5BE543752BD8DBD300E3BE35 /* Resources */ = {
			isa = PBXGroup;
			children = (
				5BE543692BD8DBC000E3BE35 /* Assets.xcassets */,
			);
			path = Resources;
			sourceTree = "<group>";
		};
		5BE543762BD8DBDA00E3BE35 /* ViewModel */ = {
			isa = PBXGroup;
			children = (
			);
			path = ViewModel;
			sourceTree = "<group>";
		};
		5BE543772BD8DBE900E3BE35 /* App */ = {
			isa = PBXGroup;
			children = (
				5BE543652BD8DBBA00E3BE35 /* VoicesAIApp.swift */,
			);
			path = App;
			sourceTree = "<group>";
		};
/* End PBXGroup section */

/* Begin PBXNativeTarget section */
		5BE543612BD8DBBA00E3BE35 /* VoicesAI */ = {
			isa = PBXNativeTarget;
			buildConfigurationList = 5BE543702BD8DBC000E3BE35 /* Build configuration list for PBXNativeTarget "VoicesAI" */;
			buildPhases = (
				5BE5435E2BD8DBBA00E3BE35 /* Sources */,
				5BE5435F2BD8DBBA00E3BE35 /* Frameworks */,
				5BE543602BD8DBBA00E3BE35 /* Resources */,
			);
			buildRules = (
			);
			dependencies = (
			);
			name = VoicesAI;
			productName = VoicesAI;
			productReference = 5BE543622BD8DBBA00E3BE35 /* VoicesAI.app */;
			productType = "com.apple.product-type.application";
		};
/* End PBXNativeTarget section */

/* Begin PBXProject section */
		5BE5435A2BD8DBBA00E3BE35 /* Project object */ = {
			isa = PBXProject;
			attributes = {
				BuildIndependentTargetsInParallel = 1;
				LastSwiftUpdateCheck = 1530;
				LastUpgradeCheck = 1530;
				TargetAttributes = {
					5BE543612BD8DBBA00E3BE35 = {
						CreatedOnToolsVersion = 15.3;
					};
				};
			};
			buildConfigurationList = 5BE5435D2BD8DBBA00E3BE35 /* Build configuration list for PBXProject "VoicesAI" */;
			compatibilityVersion = "Xcode 14.0";
			developmentRegion = en;
			hasScannedForEncodings = 0;
			knownRegions = (
				en,
				Base,
			);
			mainGroup = 5BE543592BD8DBBA00E3BE35;
			productRefGroup = 5BE543632BD8DBBA00E3BE35 /* Products */;
			projectDirPath = "";
			projectRoot = "";
			targets = (
				5BE543612BD8DBBA00E3BE35 /* VoicesAI */,
			);
		};
/* End PBXProject section */

/* Begin PBXResourcesBuildPhase section */
		5BE543602BD8DBBA00E3BE35 /* Resources */ = {
			isa = PBXResourcesBuildPhase;
			buildActionMask = 2147483647;
			files = (
				5BE5436D2BD8DBC000E3BE35 /* Preview Assets.xcassets in Resources */,
				5BE5436A2BD8DBC000E3BE35 /* Assets.xcassets in Resources */,
			);
			runOnlyForDeploymentPostprocessing = 0;
		};
/* End PBXResourcesBuildPhase section */

/* Begin PBXSourcesBuildPhase section */
		5BE5435E2BD8DBBA00E3BE35 /* Sources */ = {
			isa = PBXSourcesBuildPhase;
			buildActionMask = 2147483647;
			files = (
				5BE5437D2BD8DCEC00E3BE35 /* SettingsView.swift in Sources */,
				5BE5437B2BD8DCD900E3BE35 /* StoriesView.swift in Sources */,
				5BE543792BD8DC4C00E3BE35 /* Topics.swift in Sources */,
				5BE543682BD8DBBA00E3BE35 /* ContentView.swift in Sources */,
				5BE543662BD8DBBA00E3BE35 /* VoicesAIApp.swift in Sources */,
				5BE5437F2BD8F56600E3BE35 /* Constant.swift in Sources */,
			);
			runOnlyForDeploymentPostprocessing = 0;
		};
/* End PBXSourcesBuildPhase section */

/* Begin XCBuildConfiguration section */
		5BE5436E2BD8DBC000E3BE35 /* Debug */ = {
			isa = XCBuildConfiguration;
			buildSettings = {
				ALWAYS_SEARCH_USER_PATHS = NO;
				ASSETCATALOG_COMPILER_GENERATE_SWIFT_ASSET_SYMBOL_EXTENSIONS = YES;
				CLANG_ANALYZER_NONNULL = YES;
				CLANG_ANALYZER_NUMBER_OBJECT_CONVERSION = YES_AGGRESSIVE;
				CLANG_CXX_LANGUAGE_STANDARD = "gnu++20";
				CLANG_ENABLE_MODULES = YES;
				CLANG_ENABLE_OBJC_ARC = YES;
				CLANG_ENABLE_OBJC_WEAK = YES;
				CLANG_WARN_BLOCK_CAPTURE_AUTORELEASING = YES;
				CLANG_WARN_BOOL_CONVERSION = YES;
				CLANG_WARN_COMMA = YES;
				CLANG_WARN_CONSTANT_CONVERSION = YES;
				CLANG_WARN_DEPRECATED_OBJC_IMPLEMENTATIONS = YES;
				CLANG_WARN_DIRECT_OBJC_ISA_USAGE = YES_ERROR;
				CLANG_WARN_DOCUMENTATION_COMMENTS = YES;
				CLANG_WARN_EMPTY_BODY = YES;
				CLANG_WARN_ENUM_CONVERSION = YES;
				CLANG_WARN_INFINITE_RECURSION = YES;
				CLANG_WARN_INT_CONVERSION = YES;
				CLANG_WARN_NON_LITERAL_NULL_CONVERSION = YES;
				CLANG_WARN_OBJC_IMPLICIT_RETAIN_SELF = YES;
				CLANG_WARN_OBJC_LITERAL_CONVERSION = YES;
				CLANG_WARN_OBJC_ROOT_CLASS = YES_ERROR;
				CLANG_WARN_QUOTED_INCLUDE_IN_FRAMEWORK_HEADER = YES;
				CLANG_WARN_RANGE_LOOP_ANALYSIS = YES;
				CLANG_WARN_STRICT_PROTOTYPES = YES;
				CLANG_WARN_SUSPICIOUS_MOVE = YES;
				CLANG_WARN_UNGUARDED_AVAILABILITY = YES_AGGRESSIVE;
				CLANG_WARN_UNREACHABLE_CODE = YES;
				CLANG_WARN__DUPLICATE_METHOD_MATCH = YES;
				COPY_PHASE_STRIP = NO;
				DEBUG_INFORMATION_FORMAT = dwarf;
				ENABLE_STRICT_OBJC_MSGSEND = YES;
				ENABLE_TESTABILITY = YES;
				ENABLE_USER_SCRIPT_SANDBOXING = YES;
				GCC_C_LANGUAGE_STANDARD = gnu17;
				GCC_DYNAMIC_NO_PIC = NO;
				GCC_NO_COMMON_BLOCKS = YES;
				GCC_OPTIMIZATION_LEVEL = 0;
				GCC_PREPROCESSOR_DEFINITIONS = (
					"DEBUG=1",
					"$(inherited)",
				);
				GCC_WARN_64_TO_32_BIT_CONVERSION = YES;
				GCC_WARN_ABOUT_RETURN_TYPE = YES_ERROR;
				GCC_WARN_UNDECLARED_SELECTOR = YES;
				GCC_WARN_UNINITIALIZED_AUTOS = YES_AGGRESSIVE;
				GCC_WARN_UNUSED_FUNCTION = YES;
				GCC_WARN_UNUSED_VARIABLE = YES;
				IPHONEOS_DEPLOYMENT_TARGET = 17.4;
				LOCALIZATION_PREFERS_STRING_CATALOGS = YES;
				MTL_ENABLE_DEBUG_INFO = INCLUDE_SOURCE;
				MTL_FAST_MATH = YES;
				ONLY_ACTIVE_ARCH = YES;
				SDKROOT = iphoneos;
				SWIFT_ACTIVE_COMPILATION_CONDITIONS = "DEBUG $(inherited)";
				SWIFT_OPTIMIZATION_LEVEL = "-Onone";
			};
			name = Debug;
		};
		5BE5436F2BD8DBC000E3BE35 /* Release */ = {
			isa = XCBuildConfiguration;
			buildSettings = {
				ALWAYS_SEARCH_USER_PATHS = NO;
				ASSETCATALOG_COMPILER_GENERATE_SWIFT_ASSET_SYMBOL_EXTENSIONS = YES;
				CLANG_ANALYZER_NONNULL = YES;
				CLANG_ANALYZER_NUMBER_OBJECT_CONVERSION = YES_AGGRESSIVE;
				CLANG_CXX_LANGUAGE_STANDARD = "gnu++20";
				CLANG_ENABLE_MODULES = YES;
				CLANG_ENABLE_OBJC_ARC = YES;
				CLANG_ENABLE_OBJC_WEAK = YES;
				CLANG_WARN_BLOCK_CAPTURE_AUTORELEASING = YES;
				CLANG_WARN_BOOL_CONVERSION = YES;
				CLANG_WARN_COMMA = YES;
				CLANG_WARN_CONSTANT_CONVERSION = YES;
				CLANG_WARN_DEPRECATED_OBJC_IMPLEMENTATIONS = YES;
				CLANG_WARN_DIRECT_OBJC_ISA_USAGE = YES_ERROR;
				CLANG_WARN_DOCUMENTATION_COMMENTS = YES;
				CLANG_WARN_EMPTY_BODY = YES;
				CLANG_WARN_ENUM_CONVERSION = YES;
				CLANG_WARN_INFINITE_RECURSION = YES;
				CLANG_WARN_INT_CONVERSION = YES;
				CLANG_WARN_NON_LITERAL_NULL_CONVERSION = YES;
				CLANG_WARN_OBJC_IMPLICIT_RETAIN_SELF = YES;
				CLANG_WARN_OBJC_LITERAL_CONVERSION = YES;
				CLANG_WARN_OBJC_ROOT_CLASS = YES_ERROR;
				CLANG_WARN_QUOTED_INCLUDE_IN_FRAMEWORK_HEADER = YES;
				CLANG_WARN_RANGE_LOOP_ANALYSIS = YES;
				CLANG_WARN_STRICT_PROTOTYPES = YES;
				CLANG_WARN_SUSPICIOUS_MOVE = YES;
				CLANG_WARN_UNGUARDED_AVAILABILITY = YES_AGGRESSIVE;
				CLANG_WARN_UNREACHABLE_CODE = YES;
				CLANG_WARN__DUPLICATE_METHOD_MATCH = YES;
				COPY_PHASE_STRIP = NO;
				DEBUG_INFORMATION_FORMAT = "dwarf-with-dsym";
				ENABLE_NS_ASSERTIONS = NO;
				ENABLE_STRICT_OBJC_MSGSEND = YES;
				ENABLE_USER_SCRIPT_SANDBOXING = YES;
				GCC_C_LANGUAGE_STANDARD = gnu17;
				GCC_NO_COMMON_BLOCKS = YES;
				GCC_WARN_64_TO_32_BIT_CONVERSION = YES;
				GCC_WARN_ABOUT_RETURN_TYPE = YES_ERROR;
				GCC_WARN_UNDECLARED_SELECTOR = YES;
				GCC_WARN_UNINITIALIZED_AUTOS = YES_AGGRESSIVE;
				GCC_WARN_UNUSED_FUNCTION = YES;
				GCC_WARN_UNUSED_VARIABLE = YES;
				IPHONEOS_DEPLOYMENT_TARGET = 17.4;
				LOCALIZATION_PREFERS_STRING_CATALOGS = YES;
				MTL_ENABLE_DEBUG_INFO = NO;
				MTL_FAST_MATH = YES;
				SDKROOT = iphoneos;
				SWIFT_COMPILATION_MODE = wholemodule;
				VALIDATE_PRODUCT = YES;
			};
			name = Release;
		};
		5BE543712BD8DBC000E3BE35 /* Debug */ = {
			isa = XCBuildConfiguration;
			buildSettings = {
				ASSETCATALOG_COMPILER_APPICON_NAME = AppIcon;
				ASSETCATALOG_COMPILER_GLOBAL_ACCENT_COLOR_NAME = AccentColor;
				CODE_SIGN_STYLE = Automatic;
				CURRENT_PROJECT_VERSION = 1;
				DEVELOPMENT_ASSET_PATHS = "\"VoicesAI/Preview Content\"";
				ENABLE_PREVIEWS = YES;
				GENERATE_INFOPLIST_FILE = YES;
				INFOPLIST_KEY_UIApplicationSceneManifest_Generation = YES;
				INFOPLIST_KEY_UIApplicationSupportsIndirectInputEvents = YES;
				INFOPLIST_KEY_UILaunchScreen_Generation = YES;
				INFOPLIST_KEY_UISupportedInterfaceOrientations_iPad = "UIInterfaceOrientationPortrait UIInterfaceOrientationPortraitUpsideDown UIInterfaceOrientationLandscapeLeft UIInterfaceOrientationLandscapeRight";
				INFOPLIST_KEY_UISupportedInterfaceOrientations_iPhone = "UIInterfaceOrientationPortrait UIInterfaceOrientationLandscapeLeft UIInterfaceOrientationLandscapeRight";
				LD_RUNPATH_SEARCH_PATHS = (
					"$(inherited)",
					"@executable_path/Frameworks",
				);
				MARKETING_VERSION = 1.0;
				PRODUCT_BUNDLE_IDENTIFIER = com.jesswift.VoicesAI;
				PRODUCT_NAME = "$(TARGET_NAME)";
				SWIFT_EMIT_LOC_STRINGS = YES;
				SWIFT_VERSION = 5.0;
				TARGETED_DEVICE_FAMILY = "1,2";
			};
			name = Debug;
		};
		5BE543722BD8DBC000E3BE35 /* Release */ = {
			isa = XCBuildConfiguration;
			buildSettings = {
				ASSETCATALOG_COMPILER_APPICON_NAME = AppIcon;
				ASSETCATALOG_COMPILER_GLOBAL_ACCENT_COLOR_NAME = AccentColor;
				CODE_SIGN_STYLE = Automatic;
				CURRENT_PROJECT_VERSION = 1;
				DEVELOPMENT_ASSET_PATHS = "\"VoicesAI/Preview Content\"";
				ENABLE_PREVIEWS = YES;
				GENERATE_INFOPLIST_FILE = YES;
				INFOPLIST_KEY_UIApplicationSceneManifest_Generation = YES;
				INFOPLIST_KEY_UIApplicationSupportsIndirectInputEvents = YES;
				INFOPLIST_KEY_UILaunchScreen_Generation = YES;
				INFOPLIST_KEY_UISupportedInterfaceOrientations_iPad = "UIInterfaceOrientationPortrait UIInterfaceOrientationPortraitUpsideDown UIInterfaceOrientationLandscapeLeft UIInterfaceOrientationLandscapeRight";
				INFOPLIST_KEY_UISupportedInterfaceOrientations_iPhone = "UIInterfaceOrientationPortrait UIInterfaceOrientationLandscapeLeft UIInterfaceOrientationLandscapeRight";
				LD_RUNPATH_SEARCH_PATHS = (
					"$(inherited)",
					"@executable_path/Frameworks",
				);
				MARKETING_VERSION = 1.0;
				PRODUCT_BUNDLE_IDENTIFIER = com.jesswift.VoicesAI;
				PRODUCT_NAME = "$(TARGET_NAME)";
				SWIFT_EMIT_LOC_STRINGS = YES;
				SWIFT_VERSION = 5.0;
				TARGETED_DEVICE_FAMILY = "1,2";
			};
			name = Release;
		};
/* End XCBuildConfiguration section */

/* Begin XCConfigurationList section */
		5BE5435D2BD8DBBA00E3BE35 /* Build configuration list for PBXProject "VoicesAI" */ = {
			isa = XCConfigurationList;
			buildConfigurations = (
				5BE5436E2BD8DBC000E3BE35 /* Debug */,
				5BE5436F2BD8DBC000E3BE35 /* Release */,
			);
			defaultConfigurationIsVisible = 0;
			defaultConfigurationName = Release;
		};
		5BE543702BD8DBC000E3BE35 /* Build configuration list for PBXNativeTarget "VoicesAI" */ = {
			isa = XCConfigurationList;
			buildConfigurations = (
				5BE543712BD8DBC000E3BE35 /* Debug */,
				5BE543722BD8DBC000E3BE35 /* Release */,
			);
			defaultConfigurationIsVisible = 0;
			defaultConfigurationName = Release;
		};
/* End XCConfigurationList section */
	};
	rootObject = 5BE5435A2BD8DBBA00E3BE35 /* Project object */;
}
